github.com/gobwas/httphead v0.0.0-20200921212729-da3d93bc3c58 h1:YyrUZvJaU8Q0QsoVo+xLFBgWDTam29PKea6GYmwvSiQ=
github.com/gobwas/httphead v0.0.0-20200921212729-da3d93bc3c58/go.mod h1:L0fX3K22YWvt/FAX9NnzrNzcI4wNYi9Yku4O0LKYflo=
github.com/gobwas/pool v0.2.1 h1:xfeeEhW7pwmX8nuLVlqbzVc7udMDrwetjEv+TZIz1og=
github.com/gobwas/pool v0.2.1/go.mod h1:q8bcK0KcYlCgd9e7WYLm9LpyS+YeLd8JVDW6WezmKEw=
github.com/gobwas/ws v1.0.4 h1:5eXU1CZhpQdq5kXbKb+sECH5Ia5KiO6CYzIzdlVx6Bs=
github.com/gobwas/ws v1.0.4/go.mod h1:szmBTxLgaFppYjEmNtny/v3w89xOydFnnZMcgRRu/EM=
github.com/golangteam/function v0.0.0-20201028132124-6adfa3a21335 h1:vgo8iAOF0jv2NsmgBqshklJeCbYpKOZJQi5CYVyzqxM=
github.com/golangteam/function v0.0.0-20201028132124-6adfa3a21335/go.mod h1:Cdr7Uqnfch0gAsdMu0fbpPOWD+qRPB6RWPwJ47lQlYI=
github.com/gorilla/websocket v1.4.2 h1:+/TMaTYc4QFitKJxsQ7Yye35DkWvkdLcvGKqM+x0Ufc=
github.com/gorilla/websocket v1.4.2/go.mod h1:YR8l580nyteQvAITg2hZ9XVh4b55+EU/adAjf1fMHhE=
github.com/seefan/goerr v1.1.2 h1:rLUrQeJY1FRYd2WIsZDr7mr0F58gKPSnCvtBjj00b3Q=
github.com/seefan/goerr v1.1.2/go.mod h1:gipDsSn2T2Jwf0q9bl6K0CGyhvfNZiI8/Bi0MfsS258=
golang.org/x/sys v0.0.0-20201028094953-708e7fb298ac h1:bplbaOojU0hnrC9nvWJ5Nvp/gPIWKFMiGBFI9Cpp16I=
golang.org/x/sys v0.0.0-20201028094953-708e7fb298ac/go.mod h1:h1NjWce9XRLGQEsW7wpKNCjG9DtNlClVuFLEZdDNbEs=
