github.com/gobwas/httphead v0.0.0-20180130184737-2c6c146eadee h1:s+21KNqlpePfkah2I+gwHF8xmJWRjooY+5248k6m4A0=
github.com/gobwas/httphead v0.0.0-20180130184737-2c6c146eadee/go.mod h1:L0fX3K22YWvt/FAX9NnzrNzcI4wNYi9Yku4O0LKYflo=
github.com/gobwas/pool v0.2.1 h1:xfeeEhW7pwmX8nuLVlqbzVc7udMDrwetjEv+TZIz1og=
github.com/gobwas/pool v0.2.1/go.mod h1:q8bcK0KcYlCgd9e7WYLm9LpyS+YeLd8JVDW6WezmKEw=
github.com/gobwas/ws v1.0.4 h1:5eXU1CZhpQdq5kXbKb+sECH5Ia5KiO6CYzIzdlVx6Bs=
github.com/gobwas/ws v1.0.4/go.mod h1:szmBTxLgaFppYjEmNtny/v3w89xOydFnnZMcgRRu/EM=
github.com/golangteam/function v0.0.0-20200130100008-1578d75bbf85 h1:xoD648BQHZgAJWH0txF+XLtNSqg0J5A7yuVARxZhCOM=
github.com/golangteam/function v0.0.0-20200130100008-1578d75bbf85/go.mod h1:6hfqxZww1Zd3uunl/wYjocuE6a4KyK0v1rAj5Ui742c=
github.com/seefan/goerr v1.1.2 h1:rLUrQeJY1FRYd2WIsZDr7mr0F58gKPSnCvtBjj00b3Q=
github.com/seefan/goerr v1.1.2/go.mod h1:gipDsSn2T2Jwf0q9bl6K0CGyhvfNZiI8/Bi0MfsS258=
github.com/seefan/jsonreader v0.0.0-20190709023656-71de708807ac h1:fCJa8616BVio4+pWd58uZ1XjDbCejBF0mXn8lKjXBjU=
github.com/seefan/jsonreader v0.0.0-20190709023656-71de708807ac/go.mod h1:1wbgMeFt+hwVno9cBHTGoUy1lYWUIM1xxjqOZpCPLn8=
